
Microsoft Visual Studio Solution File, Format Version 12.00
# Visual Studio 15
VisualStudioVersion = 15.0.27428.2011
MinimumVisualStudioVersion = 10.0.40219.1
Project("{FAE04EC0-301F-11D3-BF4B-00C04F79EFBC}") = "Exercise1", "Exercise1\Exercise1.csproj", "{3DE86594-2834-4D6C-94D8-5E0A64B616F1}"
EndProject
Project("{FAE04EC0-301F-11D3-BF4B-00C04F79EFBC}") = "Exercise1.Domain", "Exercise1.Domain\Exercise1.Domain.csproj", "{F6877F6C-7BE1-4164-839B-DF1F73A593BF}"
EndProject
Project("{FAE04EC0-301F-11D3-BF4B-00C04F79EFBC}") = "Exercise1.Test", "Exercise1.Test\Exercise1.Test.csproj", "{C73268D8-8EA6-4B7D-8771-11B8BDFE3B81}"
EndProject
Global
	GlobalSection(SolutionConfigurationPlatforms) = preSolution
		Debug|Any CPU = Debug|Any CPU
		Release|Any CPU = Release|Any CPU
	EndGlobalSection
	GlobalSection(ProjectConfigurationPlatforms) = postSolution
		{3DE86594-2834-4D6C-94D8-5E0A64B616F1}.Debug|Any CPU.ActiveCfg = Debug|Any CPU
		{3DE86594-2834-4D6C-94D8-5E0A64B616F1}.Debug|Any CPU.Build.0 = Debug|Any CPU
		{3DE86594-2834-4D6C-94D8-5E0A64B616F1}.Release|Any CPU.ActiveCfg = Release|Any CPU
		{3DE86594-2834-4D6C-94D8-5E0A64B616F1}.Release|Any CPU.Build.0 = Release|Any CPU
		{F6877F6C-7BE1-4164-839B-DF1F73A593BF}.Debug|Any CPU.ActiveCfg = Debug|Any CPU
		{F6877F6C-7BE1-4164-839B-DF1F73A593BF}.Debug|Any CPU.Build.0 = Debug|Any CPU
		{F6877F6C-7BE1-4164-839B-DF1F73A593BF}.Release|Any CPU.ActiveCfg = Release|Any CPU
		{F6877F6C-7BE1-4164-839B-DF1F73A593BF}.Release|Any CPU.Build.0 = Release|Any CPU
		{C73268D8-8EA6-4B7D-8771-11B8BDFE3B81}.Debug|Any CPU.ActiveCfg = Debug|Any CPU
		{C73268D8-8EA6-4B7D-8771-11B8BDFE3B81}.Debug|Any CPU.Build.0 = Debug|Any CPU
		{C73268D8-8EA6-4B7D-8771-11B8BDFE3B81}.Release|Any CPU.ActiveCfg = Release|Any CPU
		{C73268D8-8EA6-4B7D-8771-11B8BDFE3B81}.Release|Any CPU.Build.0 = Release|Any CPU
	EndGlobalSection
	GlobalSection(SolutionProperties) = preSolution
		HideSolutionNode = FALSE
	EndGlobalSection
	GlobalSection(ExtensibilityGlobals) = postSolution
		SolutionGuid = {AE263564-D8DA-4497-84D4-ACB274C578B1}
	EndGlobalSection
EndGlobal
